
Microsoft Visual Studio Solution File, Format Version 12.00
Project("{FAE04EC0-301F-11D3-BF4B-00C04F79EFBC}") = "MonogameTutorial", "MonogameTutorial\MonogameTutorial.csproj", "{2A1A6E7F-70A0-40AC-98CB-BF6A4CBF3914}"
EndProject
Project("{FAE04EC0-301F-11D3-BF4B-00C04F79EFBC}") = "MonoGameLibrary", "MonoGameLibrary\MonoGameLibrary.csproj", "{22192C2A-E7EF-4826-A654-5C2FFE145C2C}"
EndProject
Global
	GlobalSection(SolutionConfigurationPlatforms) = preSolution
		Debug|Any CPU = Debug|Any CPU
		Release|Any CPU = Release|Any CPU
	EndGlobalSection
	GlobalSection(ProjectConfigurationPlatforms) = postSolution
		{2A1A6E7F-70A0-40AC-98CB-BF6A4CBF3914}.Debug|Any CPU.ActiveCfg = Debug|Any CPU
		{2A1A6E7F-70A0-40AC-98CB-BF6A4CBF3914}.Debug|Any CPU.Build.0 = Debug|Any CPU
		{2A1A6E7F-70A0-40AC-98CB-BF6A4CBF3914}.Release|Any CPU.ActiveCfg = Release|Any CPU
		{2A1A6E7F-70A0-40AC-98CB-BF6A4CBF3914}.Release|Any CPU.Build.0 = Release|Any CPU
		{22192C2A-E7EF-4826-A654-5C2FFE145C2C}.Debug|Any CPU.ActiveCfg = Debug|Any CPU
		{22192C2A-E7EF-4826-A654-5C2FFE145C2C}.Debug|Any CPU.Build.0 = Debug|Any CPU
		{22192C2A-E7EF-4826-A654-5C2FFE145C2C}.Release|Any CPU.ActiveCfg = Release|Any CPU
		{22192C2A-E7EF-4826-A654-5C2FFE145C2C}.Release|Any CPU.Build.0 = Release|Any CPU
	EndGlobalSection
EndGlobal
